
Microsoft Visual Studio Solution File, Format Version 12.00
# Visual Studio Version 17
VisualStudioVersion = 17.9.34728.123
MinimumVisualStudioVersion = 10.0.40219.1
Project("{FAE04EC0-301F-11D3-BF4B-00C04F79EFBC}") = "multiplicar_por_três_numero", "multiplicar_por_três_numero\multiplicar_por_três_numero.csproj", "{862A3B08-2D15-4931-9BE3-038F01C44940}"
EndProject
Global
	GlobalSection(SolutionConfigurationPlatforms) = preSolution
		Debug|Any CPU = Debug|Any CPU
		Release|Any CPU = Release|Any CPU
	EndGlobalSection
	GlobalSection(ProjectConfigurationPlatforms) = postSolution
		{862A3B08-2D15-4931-9BE3-038F01C44940}.Debug|Any CPU.ActiveCfg = Debug|Any CPU
		{862A3B08-2D15-4931-9BE3-038F01C44940}.Debug|Any CPU.Build.0 = Debug|Any CPU
		{862A3B08-2D15-4931-9BE3-038F01C44940}.Release|Any CPU.ActiveCfg = Release|Any CPU
		{862A3B08-2D15-4931-9BE3-038F01C44940}.Release|Any CPU.Build.0 = Release|Any CPU
	EndGlobalSection
	GlobalSection(SolutionProperties) = preSolution
		HideSolutionNode = FALSE
	EndGlobalSection
	GlobalSection(ExtensibilityGlobals) = postSolution
		SolutionGuid = {E03086DA-903D-4157-B4BD-30CE354F0D73}
	EndGlobalSection
EndGlobal
